<?xml version="1.0" encoding="utf-8"?>
<Project ToolsVersion="4.0" xmlns="http://schemas.microsoft.com/developer/msbuild/2003">
  <ItemGroup>
    <Filter Include="源文件">
      <UniqueIdentifier>{4FC737F1-C7A5-4376-A066-2A32D752A2FF}</UniqueIdentifier>
      <Extensions>cpp;c;cc;cxx;def;odl;idl;hpj;bat;asm;asmx</Extensions>
    </Filter>
    <Filter Include="头文件">
      <UniqueIdentifier>{93995380-89BD-4b04-88EB-625FBE52EBFB}</UniqueIdentifier>
      <Extensions>h;hh;hpp;hxx;hm;inl;inc;xsd</Extensions>
    </Filter>
    <Filter Include="资源文件">
      <UniqueIdentifier>{67DA6AB6-F800-4c08-8B7A-83BB121AAD01}</UniqueIdentifier>
      <Extensions>rc;ico;cur;bmp;dlg;rc2;rct;bin;rgs;gif;jpg;jpeg;jpe;resx;tiff;tif;png;wav;mfcribbon-ms</Extensions>
    </Filter>
    <Filter Include="头文件\Triangulation">
      <UniqueIdentifier>{1ed00173-2678-465c-a1fc-6ac369542176}</UniqueIdentifier>
    </Filter>
    <Filter Include="源文件\Triangulation">
      <UniqueIdentifier>{20021d4f-b052-464a-a3f7-ecc48f683418}</UniqueIdentifier>
    </Filter>
    <Filter Include="头文件\Graph">
      <UniqueIdentifier>{683d00d0-3500-4155-97d7-34f08918a8a3}</UniqueIdentifier>
    </Filter>
    <Filter Include="源文件\Graph">
      <UniqueIdentifier>{2da384d6-cdfd-42b5-9d07-638fe1d782cf}</UniqueIdentifier>
    </Filter>
    <Filter Include="头文件\DCEL">
      <UniqueIdentifier>{10237910-419f-4eb5-bcaa-a124a146ebb7}</UniqueIdentifier>
    </Filter>
    <Filter Include="源文件\DCEL">
      <UniqueIdentifier>{e3b29310-9403-4b22-9182-3cdda7a1358d}</UniqueIdentifier>
    </Filter>
    <Filter Include="头文件\Math2d">
      <UniqueIdentifier>{0c1fbd1b-a90b-405e-8857-4b48583f702a}</UniqueIdentifier>
    </Filter>
    <Filter Include="源文件\Math2d">
      <UniqueIdentifier>{89b3c4d1-8bb9-459a-b34b-28878ca83fa1}</UniqueIdentifier>
    </Filter>
    <Filter Include="头文件\Triangulation\common">
      <UniqueIdentifier>{35a382a8-a89e-4172-93c0-bdfc4a4bb42e}</UniqueIdentifier>
    </Filter>
    <Filter Include="头文件\Triangulation\sweep">
      <UniqueIdentifier>{2c28fcbd-ceb5-459a-ac56-862961162d12}</UniqueIdentifier>
    </Filter>
    <Filter Include="源文件\Triangulation\common">
      <UniqueIdentifier>{b07b830e-615c-4755-b037-bafea65984d7}</UniqueIdentifier>
    </Filter>
    <Filter Include="源文件\Triangulation\sweep">
      <UniqueIdentifier>{696bbf20-b061-451d-a8da-9b405b815f86}</UniqueIdentifier>
    </Filter>
  </ItemGroup>
  <ItemGroup>
    <Text Include="ReadMe.txt" />
  </ItemGroup>
  <ItemGroup>
    <ClInclude Include="PlanarSight.h">
      <Filter>头文件</Filter>
    </ClInclude>
    <ClInclude Include="PlanarSightDlg.h">
      <Filter>头文件</Filter>
    </ClInclude>
    <ClInclude Include="stdafx.h">
      <Filter>头文件</Filter>
    </ClInclude>
    <ClInclude Include="targetver.h">
      <Filter>头文件</Filter>
    </ClInclude>
    <ClInclude Include="Resource.h">
      <Filter>头文件</Filter>
    </ClInclude>
    <ClInclude Include="OpenGL.h">
      <Filter>头文件</Filter>
    </ClInclude>
    <ClInclude Include="Rendering.h">
      <Filter>头文件</Filter>
    </ClInclude>
    <ClInclude Include="shapes.h">
      <Filter>头文件\Triangulation\common</Filter>
    </ClInclude>
    <ClInclude Include="utils.h">
      <Filter>头文件\Triangulation\common</Filter>
    </ClInclude>
    <ClInclude Include="advancing_front.h">
      <Filter>头文件\Triangulation\sweep</Filter>
    </ClInclude>
    <ClInclude Include="cdt.h">
      <Filter>头文件\Triangulation\sweep</Filter>
    </ClInclude>
    <ClInclude Include="sweep.h">
      <Filter>头文件\Triangulation\sweep</Filter>
    </ClInclude>
    <ClInclude Include="sweep_context.h">
      <Filter>头文件\Triangulation\sweep</Filter>
    </ClInclude>
    <ClInclude Include="poly2tri.h">
      <Filter>头文件\Triangulation</Filter>
    </ClInclude>
  </ItemGroup>
  <ItemGroup>
    <ClCompile Include="PlanarSight.cpp">
      <Filter>源文件</Filter>
    </ClCompile>
    <ClCompile Include="PlanarSightDlg.cpp">
      <Filter>源文件</Filter>
    </ClCompile>
    <ClCompile Include="stdafx.cpp">
      <Filter>源文件</Filter>
    </ClCompile>
    <ClCompile Include="OpenGL.cpp">
      <Filter>源文件</Filter>
    </ClCompile>
    <ClCompile Include="Rendering.cpp">
      <Filter>源文件</Filter>
    </ClCompile>
    <ClCompile Include="shapes.cpp">
      <Filter>源文件\Triangulation\common</Filter>
    </ClCompile>
    <ClCompile Include="sweep_context.cpp">
      <Filter>源文件\Triangulation\sweep</Filter>
    </ClCompile>
    <ClCompile Include="sweep.cpp">
      <Filter>源文件\Triangulation\sweep</Filter>
    </ClCompile>
    <ClCompile Include="cdt.cpp">
      <Filter>源文件\Triangulation\sweep</Filter>
    </ClCompile>
    <ClCompile Include="advancing_front.cpp">
      <Filter>源文件\Triangulation\sweep</Filter>
    </ClCompile>
  </ItemGroup>
  <ItemGroup>
    <ResourceCompile Include="PlanarSight.rc">
      <Filter>资源文件</Filter>
    </ResourceCompile>
  </ItemGroup>
  <ItemGroup>
    <None Include="res\PlanarSight.rc2">
      <Filter>资源文件</Filter>
    </None>
  </ItemGroup>
  <ItemGroup>
    <Image Include="res\PlanarSight.ico">
      <Filter>资源文件</Filter>
    </Image>
  </ItemGroup>
</Project>